// !$*UTF8*$!
{
	archiveVersion = 1;
	classes = {
	};
	objectVersion = 56;
	objects = {

/* Begin PBXBuildFile section */
		2DDE26D02FDDCDE4002B3669 /* RuFlowTests.swift in Sources */ = {isa = PBXBuildFile; fileRef = 2DDE26CF2FDDCDE4002B3669 /* RuFlowTests.swift */; };
		8A7F1D022C6A040100000001 /* Assets.xcassets in Resources */ = {isa = PBXBuildFile; fileRef = 8A7F1D012C6A040100000001 /* Assets.xcassets */; };
		8A7F1C092C6A030100000001 /* ASRDebugConfiguration.swift in Sources */ = {isa = PBXBuildFile; fileRef = 8A7F1C032C6A030100000001 /* ASRDebugConfiguration.swift */; };
		8A7F1C0A2C6A030100000001 /* ASRSidecarService.swift in Sources */ = {isa = PBXBuildFile; fileRef = 8A7F1C042C6A030100000001 /* ASRSidecarService.swift */; };
		8A7F1A782C6A010100000001 /* RuFlowApp.swift in Sources */ = {isa = PBXBuildFile; fileRef = 8A7F1A692C6A010100000001 /* RuFlowApp.swift */; };
		8A7F1A792C6A010100000001 /* AppDelegate.swift in Sources */ = {isa = PBXBuildFile; fileRef = 8A7F1A6A2C6A010100000001 /* AppDelegate.swift */; };
		8A7F1A7A2C6A010100000001 /* DictationController.swift in Sources */ = {isa = PBXBuildFile; fileRef = 8A7F1A6B2C6A010100000001 /* DictationController.swift */; };
		8A7F1A7B2C6A010100000001 /* HotkeyManager.swift in Sources */ = {isa = PBXBuildFile; fileRef = 8A7F1A6C2C6A010100000001 /* HotkeyManager.swift */; };
		8A7F1A7C2C6A010100000001 /* AccessibilityPermission.swift in Sources */ = {isa = PBXBuildFile; fileRef = 8A7F1A6D2C6A010100000001 /* AccessibilityPermission.swift */; };
		8A7F1A7D2C6A010100000001 /* FloatingPillWindowController.swift in Sources */ = {isa = PBXBuildFile; fileRef = 8A7F1A6E2C6A010100000001 /* FloatingPillWindowController.swift */; };
		8A7F1A7E2C6A010100000001 /* FloatingPillView.swift in Sources */ = {isa = PBXBuildFile; fileRef = 8A7F1A6F2C6A010100000001 /* FloatingPillView.swift */; };
		8A7F1A7F2C6A010100000001 /* PasteService.swift in Sources */ = {isa = PBXBuildFile; fileRef = 8A7F1A702C6A010100000001 /* PasteService.swift */; };
		8A7F1A802C6A010100000001 /* ClipboardSnapshot.swift in Sources */ = {isa = PBXBuildFile; fileRef = 8A7F1A712C6A010100000001 /* ClipboardSnapshot.swift */; };
		8A7F1A812C6A010100000001 /* SettingsView.swift in Sources */ = {isa = PBXBuildFile; fileRef = 8A7F1A722C6A010100000001 /* SettingsView.swift */; };
		8A7F1B102C6A020100000001 /* AudioRecordingService.swift in Sources */ = {isa = PBXBuildFile; fileRef = 8A7F1B0E2C6A020100000001 /* AudioRecordingService.swift */; };
		8A7F1B112C6A020100000001 /* MicrophonePermission.swift in Sources */ = {isa = PBXBuildFile; fileRef = 8A7F1B0F2C6A020100000001 /* MicrophonePermission.swift */; };
/* End PBXBuildFile section */

/* Begin PBXContainerItemProxy section */
		2DDE26CA2FDDCDE4002B3669 /* PBXContainerItemProxy */ = {
			isa = PBXContainerItemProxy;
			containerPortal = 8A7F1A562C6A010100000001 /* Project object */;
			proxyType = 1;
			remoteGlobalIDString = 8A7F1A5D2C6A010100000001;
			remoteInfo = RuFlow;
		};
/* End PBXContainerItemProxy section */

/* Begin PBXFileReference section */
		2DDE26C62FDDCDE4002B3669 /* RuFlowTests.xctest */ = {isa = PBXFileReference; explicitFileType = wrapper.cfbundle; includeInIndex = 0; path = RuFlowTests.xctest; sourceTree = BUILT_PRODUCTS_DIR; };
		2DDE26CF2FDDCDE4002B3669 /* RuFlowTests.swift */ = {isa = PBXFileReference; lastKnownFileType = sourcecode.swift; path = RuFlowTests.swift; sourceTree = "<group>"; };
		8A7F1D012C6A040100000001 /* Assets.xcassets */ = {isa = PBXFileReference; lastKnownFileType = folder.assetcatalog; path = Assets.xcassets; sourceTree = "<group>"; };
		8A7F1C012C6A030100000001 /* Debug.xcconfig */ = {isa = PBXFileReference; lastKnownFileType = text.xcconfig; path = Debug.xcconfig; sourceTree = "<group>"; };
		8A7F1C0B2C6A030100000001 /* Info.plist */ = {isa = PBXFileReference; lastKnownFileType = text.plist.xml; path = Info.plist; sourceTree = "<group>"; };
		8A7F1C022C6A030100000001 /* runner.py */ = {isa = PBXFileReference; lastKnownFileType = text.script.python; path = runner.py; sourceTree = "<group>"; };
		8A7F1C032C6A030100000001 /* ASRDebugConfiguration.swift */ = {isa = PBXFileReference; lastKnownFileType = sourcecode.swift; path = ASRDebugConfiguration.swift; sourceTree = "<group>"; };
		8A7F1C042C6A030100000001 /* ASRSidecarService.swift */ = {isa = PBXFileReference; lastKnownFileType = sourcecode.swift; path = ASRSidecarService.swift; sourceTree = "<group>"; };
		8A7F1A5E2C6A010100000001 /* RuFlow.app */ = {isa = PBXFileReference; explicitFileType = wrapper.application; includeInIndex = 0; path = RuFlow.app; sourceTree = BUILT_PRODUCTS_DIR; };
		8A7F1A692C6A010100000001 /* RuFlowApp.swift */ = {isa = PBXFileReference; lastKnownFileType = sourcecode.swift; path = RuFlowApp.swift; sourceTree = "<group>"; };
		8A7F1A6A2C6A010100000001 /* AppDelegate.swift */ = {isa = PBXFileReference; lastKnownFileType = sourcecode.swift; path = AppDelegate.swift; sourceTree = "<group>"; };
		8A7F1A6B2C6A010100000001 /* DictationController.swift */ = {isa = PBXFileReference; lastKnownFileType = sourcecode.swift; path = DictationController.swift; sourceTree = "<group>"; };
		8A7F1A6C2C6A010100000001 /* HotkeyManager.swift */ = {isa = PBXFileReference; lastKnownFileType = sourcecode.swift; path = HotkeyManager.swift; sourceTree = "<group>"; };
		8A7F1A6D2C6A010100000001 /* AccessibilityPermission.swift */ = {isa = PBXFileReference; lastKnownFileType = sourcecode.swift; path = AccessibilityPermission.swift; sourceTree = "<group>"; };
		8A7F1A6E2C6A010100000001 /* FloatingPillWindowController.swift */ = {isa = PBXFileReference; lastKnownFileType = sourcecode.swift; path = FloatingPillWindowController.swift; sourceTree = "<group>"; };
		8A7F1A6F2C6A010100000001 /* FloatingPillView.swift */ = {isa = PBXFileReference; lastKnownFileType = sourcecode.swift; path = FloatingPillView.swift; sourceTree = "<group>"; };
		8A7F1A702C6A010100000001 /* PasteService.swift */ = {isa = PBXFileReference; lastKnownFileType = sourcecode.swift; path = PasteService.swift; sourceTree = "<group>"; };
		8A7F1A712C6A010100000001 /* ClipboardSnapshot.swift */ = {isa = PBXFileReference; lastKnownFileType = sourcecode.swift; path = ClipboardSnapshot.swift; sourceTree = "<group>"; };
		8A7F1A722C6A010100000001 /* SettingsView.swift */ = {isa = PBXFileReference; lastKnownFileType = sourcecode.swift; path = SettingsView.swift; sourceTree = "<group>"; };
		8A7F1B0E2C6A020100000001 /* AudioRecordingService.swift */ = {isa = PBXFileReference; lastKnownFileType = sourcecode.swift; path = AudioRecordingService.swift; sourceTree = "<group>"; };
		8A7F1B0F2C6A020100000001 /* MicrophonePermission.swift */ = {isa = PBXFileReference; lastKnownFileType = sourcecode.swift; path = MicrophonePermission.swift; sourceTree = "<group>"; };
/* End PBXFileReference section */

/* Begin PBXFrameworksBuildPhase section */
		2DDE26C32FDDCDE4002B3669 /* Frameworks */ = {
			isa = PBXFrameworksBuildPhase;
			buildActionMask = 2147483647;
			files = (
			);
			runOnlyForDeploymentPostprocessing = 0;
		};
		8A7F1A5B2C6A010100000001 /* Frameworks */ = {
			isa = PBXFrameworksBuildPhase;
			buildActionMask = 2147483647;
			files = (
			);
			runOnlyForDeploymentPostprocessing = 0;
		};
/* End PBXFrameworksBuildPhase section */

/* Begin PBXGroup section */
		8A7F1A552C6A010100000001 = {
			isa = PBXGroup;
			children = (
				8A7F1C062C6A030100000001 /* Config */,
				8A7F1C072C6A030100000001 /* asr */,
				8A7F1A662C6A010100000001 /* RuFlow */,
				2DDE26C72FDDCDE4002B3669 /* RuFlowTests */,
				8A7F1A5F2C6A010100000001 /* Products */,
			);
			sourceTree = "<group>";
		};
		8A7F1A5F2C6A010100000001 /* Products */ = {
			isa = PBXGroup;
			children = (
				8A7F1A5E2C6A010100000001 /* RuFlow.app */,
				2DDE26C62FDDCDE4002B3669 /* RuFlowTests.xctest */,
			);
			name = Products;
			sourceTree = "<group>";
		};
		2DDE26C72FDDCDE4002B3669 /* RuFlowTests */ = {
			isa = PBXGroup;
			children = (
				2DDE26CF2FDDCDE4002B3669 /* RuFlowTests.swift */,
			);
			path = RuFlowTests;
			sourceTree = "<group>";
		};
		8A7F1A662C6A010100000001 /* RuFlow */ = {
			isa = PBXGroup;
			children = (
				8A7F1D012C6A040100000001 /* Assets.xcassets */,
				8A7F1C082C6A030100000001 /* ASR */,
				8A7F1A672C6A010100000001 /* App */,
				8A7F1B122C6A020100000001 /* Audio */,
				8A7F1A732C6A010100000001 /* Hotkey */,
				8A7F1A742C6A010100000001 /* Overlay */,
				8A7F1A752C6A010100000001 /* Paste */,
				8A7F1A762C6A010100000001 /* Settings */,
			);
			path = RuFlow;
			sourceTree = "<group>";
		};
		8A7F1C062C6A030100000001 /* Config */ = {
			isa = PBXGroup;
			children = (
				8A7F1C012C6A030100000001 /* Debug.xcconfig */,
				8A7F1C0B2C6A030100000001 /* Info.plist */,
			);
			path = Config;
			sourceTree = "<group>";
		};
		8A7F1C072C6A030100000001 /* asr */ = {
			isa = PBXGroup;
			children = (
				8A7F1C022C6A030100000001 /* runner.py */,
			);
			path = asr;
			sourceTree = "<group>";
		};
		8A7F1C082C6A030100000001 /* ASR */ = {
			isa = PBXGroup;
			children = (
				8A7F1C032C6A030100000001 /* ASRDebugConfiguration.swift */,
				8A7F1C042C6A030100000001 /* ASRSidecarService.swift */,
			);
			path = ASR;
			sourceTree = "<group>";
		};
		8A7F1A672C6A010100000001 /* App */ = {
			isa = PBXGroup;
			children = (
				8A7F1A692C6A010100000001 /* RuFlowApp.swift */,
				8A7F1A6A2C6A010100000001 /* AppDelegate.swift */,
				8A7F1A6B2C6A010100000001 /* DictationController.swift */,
			);
			path = App;
			sourceTree = "<group>";
		};
		8A7F1B122C6A020100000001 /* Audio */ = {
			isa = PBXGroup;
			children = (
				8A7F1B0E2C6A020100000001 /* AudioRecordingService.swift */,
				8A7F1B0F2C6A020100000001 /* MicrophonePermission.swift */,
			);
			path = Audio;
			sourceTree = "<group>";
		};
		8A7F1A732C6A010100000001 /* Hotkey */ = {
			isa = PBXGroup;
			children = (
				8A7F1A6C2C6A010100000001 /* HotkeyManager.swift */,
				8A7F1A6D2C6A010100000001 /* AccessibilityPermission.swift */,
			);
			path = Hotkey;
			sourceTree = "<group>";
		};
		8A7F1A742C6A010100000001 /* Overlay */ = {
			isa = PBXGroup;
			children = (
				8A7F1A6E2C6A010100000001 /* FloatingPillWindowController.swift */,
				8A7F1A6F2C6A010100000001 /* FloatingPillView.swift */,
			);
			path = Overlay;
			sourceTree = "<group>";
		};
		8A7F1A752C6A010100000001 /* Paste */ = {
			isa = PBXGroup;
			children = (
				8A7F1A702C6A010100000001 /* PasteService.swift */,
				8A7F1A712C6A010100000001 /* ClipboardSnapshot.swift */,
			);
			path = Paste;
			sourceTree = "<group>";
		};
		8A7F1A762C6A010100000001 /* Settings */ = {
			isa = PBXGroup;
			children = (
				8A7F1A722C6A010100000001 /* SettingsView.swift */,
			);
			path = Settings;
			sourceTree = "<group>";
		};
/* End PBXGroup section */

/* Begin PBXNativeTarget section */
		2DDE26C52FDDCDE4002B3669 /* RuFlowTests */ = {
			isa = PBXNativeTarget;
			buildConfigurationList = 2DDE26CE2FDDCDE4002B3669 /* Build configuration list for PBXNativeTarget "RuFlowTests" */;
			buildPhases = (
				2DDE26C22FDDCDE4002B3669 /* Sources */,
				2DDE26C32FDDCDE4002B3669 /* Frameworks */,
				2DDE26C42FDDCDE4002B3669 /* Resources */,
			);
			buildRules = (
			);
			dependencies = (
				2DDE26CB2FDDCDE4002B3669 /* PBXTargetDependency */,
			);
			name = RuFlowTests;
			packageProductDependencies = (
			);
			productName = RuFlowTests;
			productReference = 2DDE26C62FDDCDE4002B3669 /* RuFlowTests.xctest */;
			productType = "com.apple.product-type.bundle.unit-test";
		};
		8A7F1A5D2C6A010100000001 /* RuFlow */ = {
			isa = PBXNativeTarget;
			buildConfigurationList = 8A7F1A652C6A010100000001 /* Build configuration list for PBXNativeTarget "RuFlow" */;
			buildPhases = (
				8A7F1A5A2C6A010100000001 /* Sources */,
				8A7F1A5B2C6A010100000001 /* Frameworks */,
				8A7F1A5C2C6A010100000001 /* Resources */,
			);
			buildRules = (
			);
			dependencies = (
			);
			name = RuFlow;
			productName = RuFlow;
			productReference = 8A7F1A5E2C6A010100000001 /* RuFlow.app */;
			productType = "com.apple.product-type.application";
		};
/* End PBXNativeTarget section */

/* Begin PBXProject section */
		8A7F1A562C6A010100000001 /* Project object */ = {
			isa = PBXProject;
			attributes = {
				BuildIndependentTargetsInParallel = 1;
				LastSwiftUpdateCheck = 2620;
				LastUpgradeCheck = 2620;
				TargetAttributes = {
					2DDE26C52FDDCDE4002B3669 = {
						CreatedOnToolsVersion = 26.2;
						TestTargetID = 8A7F1A5D2C6A010100000001;
					};
					8A7F1A5D2C6A010100000001 = {
						CreatedOnToolsVersion = 26.2;
					};
				};
			};
			buildConfigurationList = 8A7F1A592C6A010100000001 /* Build configuration list for PBXProject "RuFlow" */;
			compatibilityVersion = "Xcode 14.0";
			developmentRegion = en;
			hasScannedForEncodings = 0;
			knownRegions = (
				en,
				Base,
			);
			mainGroup = 8A7F1A552C6A010100000001;
			productRefGroup = 8A7F1A5F2C6A010100000001 /* Products */;
			projectDirPath = "";
			projectRoot = "";
			targets = (
				8A7F1A5D2C6A010100000001 /* RuFlow */,
				2DDE26C52FDDCDE4002B3669 /* RuFlowTests */,
			);
		};
/* End PBXProject section */

/* Begin PBXResourcesBuildPhase section */
		2DDE26C42FDDCDE4002B3669 /* Resources */ = {
			isa = PBXResourcesBuildPhase;
			buildActionMask = 2147483647;
			files = (
			);
			runOnlyForDeploymentPostprocessing = 0;
		};
		8A7F1A5C2C6A010100000001 /* Resources */ = {
			isa = PBXResourcesBuildPhase;
			buildActionMask = 2147483647;
			files = (
				8A7F1D022C6A040100000001 /* Assets.xcassets in Resources */,
			);
			runOnlyForDeploymentPostprocessing = 0;
		};
/* End PBXResourcesBuildPhase section */

/* Begin PBXSourcesBuildPhase section */
		2DDE26C22FDDCDE4002B3669 /* Sources */ = {
			isa = PBXSourcesBuildPhase;
			buildActionMask = 2147483647;
			files = (
				2DDE26D02FDDCDE4002B3669 /* RuFlowTests.swift in Sources */,
			);
			runOnlyForDeploymentPostprocessing = 0;
		};
		8A7F1A5A2C6A010100000001 /* Sources */ = {
			isa = PBXSourcesBuildPhase;
			buildActionMask = 2147483647;
			files = (
				8A7F1C092C6A030100000001 /* ASRDebugConfiguration.swift in Sources */,
				8A7F1C0A2C6A030100000001 /* ASRSidecarService.swift in Sources */,
				8A7F1A782C6A010100000001 /* RuFlowApp.swift in Sources */,
				8A7F1A792C6A010100000001 /* AppDelegate.swift in Sources */,
				8A7F1A7A2C6A010100000001 /* DictationController.swift in Sources */,
				8A7F1A7B2C6A010100000001 /* HotkeyManager.swift in Sources */,
				8A7F1A7C2C6A010100000001 /* AccessibilityPermission.swift in Sources */,
				8A7F1A7D2C6A010100000001 /* FloatingPillWindowController.swift in Sources */,
				8A7F1A7E2C6A010100000001 /* FloatingPillView.swift in Sources */,
				8A7F1A7F2C6A010100000001 /* PasteService.swift in Sources */,
				8A7F1A802C6A010100000001 /* ClipboardSnapshot.swift in Sources */,
				8A7F1A812C6A010100000001 /* SettingsView.swift in Sources */,
				8A7F1B102C6A020100000001 /* AudioRecordingService.swift in Sources */,
				8A7F1B112C6A020100000001 /* MicrophonePermission.swift in Sources */,
			);
			runOnlyForDeploymentPostprocessing = 0;
		};
/* End PBXSourcesBuildPhase section */

/* Begin PBXTargetDependency section */
		2DDE26CB2FDDCDE4002B3669 /* PBXTargetDependency */ = {
			isa = PBXTargetDependency;
			target = 8A7F1A5D2C6A010100000001 /* RuFlow */;
			targetProxy = 2DDE26CA2FDDCDE4002B3669 /* PBXContainerItemProxy */;
		};
/* End PBXTargetDependency section */

/* Begin XCBuildConfiguration section */
		2DDE26CC2FDDCDE4002B3669 /* Debug */ = {
			isa = XCBuildConfiguration;
			buildSettings = {
				ASSETCATALOG_COMPILER_GENERATE_SWIFT_ASSET_SYMBOL_EXTENSIONS = YES;
				BUNDLE_LOADER = "$(TEST_HOST)";
				CODE_SIGN_STYLE = Automatic;
				CURRENT_PROJECT_VERSION = 1;
				GENERATE_INFOPLIST_FILE = YES;
				MACOSX_DEPLOYMENT_TARGET = 14.0;
				MARKETING_VERSION = 1.0;
				PRODUCT_BUNDLE_IDENTIFIER = Iam.RuFlowTests;
				PRODUCT_NAME = "$(TARGET_NAME)";
				STRING_CATALOG_GENERATE_SYMBOLS = NO;
				SWIFT_APPROACHABLE_CONCURRENCY = YES;
				SWIFT_EMIT_LOC_STRINGS = NO;
				SWIFT_UPCOMING_FEATURE_MEMBER_IMPORT_VISIBILITY = YES;
				SWIFT_VERSION = 5.0;
				TEST_HOST = "$(BUILT_PRODUCTS_DIR)/RuFlow.app/$(BUNDLE_EXECUTABLE_FOLDER_PATH)/RuFlow";
			};
			name = Debug;
		};
		2DDE26CD2FDDCDE4002B3669 /* Release */ = {
			isa = XCBuildConfiguration;
			buildSettings = {
				ASSETCATALOG_COMPILER_GENERATE_SWIFT_ASSET_SYMBOL_EXTENSIONS = YES;
				BUNDLE_LOADER = "$(TEST_HOST)";
				CODE_SIGN_STYLE = Automatic;
				CURRENT_PROJECT_VERSION = 1;
				GENERATE_INFOPLIST_FILE = YES;
				MACOSX_DEPLOYMENT_TARGET = 14.0;
				MARKETING_VERSION = 1.0;
				PRODUCT_BUNDLE_IDENTIFIER = Iam.RuFlowTests;
				PRODUCT_NAME = "$(TARGET_NAME)";
				STRING_CATALOG_GENERATE_SYMBOLS = NO;
				SWIFT_APPROACHABLE_CONCURRENCY = YES;
				SWIFT_EMIT_LOC_STRINGS = NO;
				SWIFT_UPCOMING_FEATURE_MEMBER_IMPORT_VISIBILITY = YES;
				SWIFT_VERSION = 5.0;
				TEST_HOST = "$(BUILT_PRODUCTS_DIR)/RuFlow.app/$(BUNDLE_EXECUTABLE_FOLDER_PATH)/RuFlow";
			};
			name = Release;
		};
		8A7F1A632C6A010100000001 /* Debug */ = {
			isa = XCBuildConfiguration;
			buildSettings = {
				ALWAYS_SEARCH_USER_PATHS = NO;
				CLANG_ANALYZER_NONNULL = YES;
				CLANG_ANALYZER_NUMBER_OBJECT_CONVERSION = YES_AGGRESSIVE;
				CLANG_CXX_LANGUAGE_STANDARD = "gnu++20";
				CLANG_ENABLE_MODULES = YES;
				CLANG_ENABLE_OBJC_ARC = YES;
				CLANG_ENABLE_OBJC_WEAK = YES;
				CLANG_WARN_BLOCK_CAPTURE_AUTORELEASING = YES;
				CLANG_WARN_BOOL_CONVERSION = YES;
				CLANG_WARN_COMMA = YES;
				CLANG_WARN_CONSTANT_CONVERSION = YES;
				CLANG_WARN_DEPRECATED_OBJC_IMPLEMENTATIONS = YES;
				CLANG_WARN_DIRECT_OBJC_ISA_USAGE = YES_ERROR;
				CLANG_WARN_DOCUMENTATION_COMMENTS = YES;
				CLANG_WARN_EMPTY_BODY = YES;
				CLANG_WARN_ENUM_CONVERSION = YES;
				CLANG_WARN_INFINITE_RECURSION = YES;
				CLANG_WARN_INT_CONVERSION = YES;
				CLANG_WARN_NON_LITERAL_NULL_CONVERSION = YES;
				CLANG_WARN_OBJC_IMPLICIT_RETAIN_SELF = YES;
				CLANG_WARN_OBJC_LITERAL_CONVERSION = YES;
				CLANG_WARN_OBJC_ROOT_CLASS = YES_ERROR;
				CLANG_WARN_QUOTED_INCLUDE_IN_FRAMEWORK_HEADER = YES;
				CLANG_WARN_RANGE_LOOP_ANALYSIS = YES;
				CLANG_WARN_STRICT_PROTOTYPES = YES;
				CLANG_WARN_SUSPICIOUS_MOVE = YES;
				CLANG_WARN_UNGUARDED_AVAILABILITY = YES_AGGRESSIVE;
				CLANG_WARN_UNREACHABLE_CODE = YES;
				CLANG_WARN__DUPLICATE_METHOD_MATCH = YES;
				COPY_PHASE_STRIP = NO;
				DEBUG_INFORMATION_FORMAT = dwarf;
				ENABLE_STRICT_OBJC_MSGSEND = YES;
				ENABLE_TESTABILITY = YES;
				ENABLE_USER_SCRIPT_SANDBOXING = YES;
				GCC_C_LANGUAGE_STANDARD = gnu17;
				GCC_DYNAMIC_NO_PIC = NO;
				GCC_NO_COMMON_BLOCKS = YES;
				GCC_OPTIMIZATION_LEVEL = 0;
				GCC_PREPROCESSOR_DEFINITIONS = (
					"DEBUG=1",
					"$(inherited)",
				);
				GCC_WARN_64_TO_32_BIT_CONVERSION = YES;
				GCC_WARN_ABOUT_RETURN_TYPE = YES_ERROR;
				GCC_WARN_UNDECLARED_SELECTOR = YES;
				GCC_WARN_UNINITIALIZED_AUTOS = YES_AGGRESSIVE;
				GCC_WARN_UNUSED_FUNCTION = YES;
				GCC_WARN_UNUSED_VARIABLE = YES;
				LOCALIZATION_PREFERS_STRING_CATALOGS = YES;
				MACOSX_DEPLOYMENT_TARGET = 14.0;
				MTL_ENABLE_DEBUG_INFO = INCLUDE_SOURCE;
				MTL_FAST_MATH = YES;
				ONLY_ACTIVE_ARCH = YES;
				SDKROOT = macosx;
				SWIFT_ACTIVE_COMPILATION_CONDITIONS = "DEBUG $(inherited)";
				SWIFT_OPTIMIZATION_LEVEL = "-Onone";
			};
			name = Debug;
		};
		8A7F1A642C6A010100000001 /* Release */ = {
			isa = XCBuildConfiguration;
			buildSettings = {
				ALWAYS_SEARCH_USER_PATHS = NO;
				CLANG_ANALYZER_NONNULL = YES;
				CLANG_ANALYZER_NUMBER_OBJECT_CONVERSION = YES_AGGRESSIVE;
				CLANG_CXX_LANGUAGE_STANDARD = "gnu++20";
				CLANG_ENABLE_MODULES = YES;
				CLANG_ENABLE_OBJC_ARC = YES;
				CLANG_ENABLE_OBJC_WEAK = YES;
				CLANG_WARN_BLOCK_CAPTURE_AUTORELEASING = YES;
				CLANG_WARN_BOOL_CONVERSION = YES;
				CLANG_WARN_COMMA = YES;
				CLANG_WARN_CONSTANT_CONVERSION = YES;
				CLANG_WARN_DEPRECATED_OBJC_IMPLEMENTATIONS = YES;
				CLANG_WARN_DIRECT_OBJC_ISA_USAGE = YES_ERROR;
				CLANG_WARN_DOCUMENTATION_COMMENTS = YES;
				CLANG_WARN_EMPTY_BODY = YES;
				CLANG_WARN_ENUM_CONVERSION = YES;
				CLANG_WARN_INFINITE_RECURSION = YES;
				CLANG_WARN_INT_CONVERSION = YES;
				CLANG_WARN_NON_LITERAL_NULL_CONVERSION = YES;
				CLANG_WARN_OBJC_IMPLICIT_RETAIN_SELF = YES;
				CLANG_WARN_OBJC_LITERAL_CONVERSION = YES;
				CLANG_WARN_OBJC_ROOT_CLASS = YES_ERROR;
				CLANG_WARN_QUOTED_INCLUDE_IN_FRAMEWORK_HEADER = YES;
				CLANG_WARN_RANGE_LOOP_ANALYSIS = YES;
				CLANG_WARN_STRICT_PROTOTYPES = YES;
				CLANG_WARN_SUSPICIOUS_MOVE = YES;
				CLANG_WARN_UNGUARDED_AVAILABILITY = YES_AGGRESSIVE;
				CLANG_WARN_UNREACHABLE_CODE = YES;
				CLANG_WARN__DUPLICATE_METHOD_MATCH = YES;
				COPY_PHASE_STRIP = NO;
				DEBUG_INFORMATION_FORMAT = "dwarf-with-dsym";
				ENABLE_NS_ASSERTIONS = NO;
				ENABLE_STRICT_OBJC_MSGSEND = YES;
				ENABLE_USER_SCRIPT_SANDBOXING = YES;
				GCC_C_LANGUAGE_STANDARD = gnu17;
				GCC_NO_COMMON_BLOCKS = YES;
				GCC_WARN_64_TO_32_BIT_CONVERSION = YES;
				GCC_WARN_ABOUT_RETURN_TYPE = YES_ERROR;
				GCC_WARN_UNDECLARED_SELECTOR = YES;
				GCC_WARN_UNINITIALIZED_AUTOS = YES_AGGRESSIVE;
				GCC_WARN_UNUSED_FUNCTION = YES;
				GCC_WARN_UNUSED_VARIABLE = YES;
				LOCALIZATION_PREFERS_STRING_CATALOGS = YES;
				MACOSX_DEPLOYMENT_TARGET = 14.0;
				MTL_ENABLE_DEBUG_INFO = NO;
				MTL_FAST_MATH = YES;
				SDKROOT = macosx;
				SWIFT_COMPILATION_MODE = wholemodule;
			};
			name = Release;
		};
		8A7F1A612C6A010100000001 /* Debug */ = {
			isa = XCBuildConfiguration;
			baseConfigurationReference = 8A7F1C012C6A030100000001 /* Debug.xcconfig */;
			buildSettings = {
				ASSETCATALOG_COMPILER_APPICON_NAME = AppIcon;
				ASSETCATALOG_COMPILER_GLOBAL_ACCENT_COLOR_NAME = AccentColor;
				CODE_SIGN_STYLE = Automatic;
				COMBINE_HIDPI_IMAGES = YES;
				DEVELOPMENT_ASSET_PATHS = "";
				ENABLE_HARDENED_RUNTIME = YES;
				GENERATE_INFOPLIST_FILE = NO;
				INFOPLIST_KEY_CFBundleDisplayName = RuFlow;
				INFOPLIST_KEY_LSUIElement = YES;
				INFOPLIST_KEY_NSMicrophoneUsageDescription = "RuFlow needs microphone access to record push-to-talk dictation.";
				INFOPLIST_KEY_NSHumanReadableCopyright = "";
				INFOPLIST_FILE = Config/Info.plist;
				LD_RUNPATH_SEARCH_PATHS = (
					"$(inherited)",
					"@executable_path/../Frameworks",
				);
				MACOSX_DEPLOYMENT_TARGET = 14.0;
				MARKETING_VERSION = 1.0;
				PRODUCT_BUNDLE_IDENTIFIER = com.ruflow.RuFlow;
				PRODUCT_NAME = "$(TARGET_NAME)";
				SWIFT_EMIT_LOC_STRINGS = YES;
				SWIFT_VERSION = 6.0;
			};
			name = Debug;
		};
		8A7F1A622C6A010100000001 /* Release */ = {
			isa = XCBuildConfiguration;
			buildSettings = {
				ASSETCATALOG_COMPILER_APPICON_NAME = AppIcon;
				ASSETCATALOG_COMPILER_GLOBAL_ACCENT_COLOR_NAME = AccentColor;
				CODE_SIGN_STYLE = Automatic;
				COMBINE_HIDPI_IMAGES = YES;
				DEVELOPMENT_ASSET_PATHS = "";
				ENABLE_HARDENED_RUNTIME = YES;
				GENERATE_INFOPLIST_FILE = NO;
				INFOPLIST_KEY_CFBundleDisplayName = RuFlow;
				INFOPLIST_KEY_LSUIElement = YES;
				INFOPLIST_KEY_NSMicrophoneUsageDescription = "RuFlow needs microphone access to record push-to-talk dictation.";
				INFOPLIST_KEY_NSHumanReadableCopyright = "";
				INFOPLIST_FILE = Config/Info.plist;
				LD_RUNPATH_SEARCH_PATHS = (
					"$(inherited)",
					"@executable_path/../Frameworks",
				);
				MACOSX_DEPLOYMENT_TARGET = 14.0;
				MARKETING_VERSION = 1.0;
				PRODUCT_BUNDLE_IDENTIFIER = com.ruflow.RuFlow;
				PRODUCT_NAME = "$(TARGET_NAME)";
				SWIFT_EMIT_LOC_STRINGS = YES;
				SWIFT_VERSION = 6.0;
			};
			name = Release;
		};
/* End XCBuildConfiguration section */

/* Begin XCConfigurationList section */
		2DDE26CE2FDDCDE4002B3669 /* Build configuration list for PBXNativeTarget "RuFlowTests" */ = {
			isa = XCConfigurationList;
			buildConfigurations = (
				2DDE26CC2FDDCDE4002B3669 /* Debug */,
				2DDE26CD2FDDCDE4002B3669 /* Release */,
			);
			defaultConfigurationIsVisible = 0;
			defaultConfigurationName = Release;
		};
		8A7F1A592C6A010100000001 /* Build configuration list for PBXProject "RuFlow" */ = {
			isa = XCConfigurationList;
			buildConfigurations = (
				8A7F1A632C6A010100000001 /* Debug */,
				8A7F1A642C6A010100000001 /* Release */,
			);
			defaultConfigurationIsVisible = 0;
			defaultConfigurationName = Release;
		};
		8A7F1A652C6A010100000001 /* Build configuration list for PBXNativeTarget "RuFlow" */ = {
			isa = XCConfigurationList;
			buildConfigurations = (
				8A7F1A612C6A010100000001 /* Debug */,
				8A7F1A622C6A010100000001 /* Release */,
			);
			defaultConfigurationIsVisible = 0;
			defaultConfigurationName = Release;
		};
/* End XCConfigurationList section */
	};
	rootObject = 8A7F1A562C6A010100000001 /* Project object */;
}
